
Microsoft Visual Studio Solution File, Format Version 12.00
# Visual Studio Version 17
VisualStudioVersion = 17.3.32922.545
MinimumVisualStudioVersion = 10.0.40219.1
Project("{FAE04EC0-301F-11D3-BF4B-00C04F79EFBC}") = "SwitchCase", "SwitchCase.csproj", "{C5FF04FE-C829-4D5A-AEE2-69FD17331BFB}"
EndProject
Global
	GlobalSection(SolutionConfigurationPlatforms) = preSolution
		Debug|Any CPU = Debug|Any CPU
		Release|Any CPU = Release|Any CPU
	EndGlobalSection
	GlobalSection(ProjectConfigurationPlatforms) = postSolution
		{C5FF04FE-C829-4D5A-AEE2-69FD17331BFB}.Debug|Any CPU.ActiveCfg = Debug|Any CPU
		{C5FF04FE-C829-4D5A-AEE2-69FD17331BFB}.Debug|Any CPU.Build.0 = Debug|Any CPU
		{C5FF04FE-C829-4D5A-AEE2-69FD17331BFB}.Release|Any CPU.ActiveCfg = Release|Any CPU
		{C5FF04FE-C829-4D5A-AEE2-69FD17331BFB}.Release|Any CPU.Build.0 = Release|Any CPU
	EndGlobalSection
	GlobalSection(SolutionProperties) = preSolution
		HideSolutionNode = FALSE
	EndGlobalSection
	GlobalSection(ExtensibilityGlobals) = postSolution
		SolutionGuid = {CDFAE3D5-C59F-4F53-91AB-BF689FFBC979}
	EndGlobalSection
EndGlobal
